# This file was autogenerated by Stack.
# You should not edit this file by hand.
# For more information, please see the documentation at:
#   https://docs.haskellstack.org/en/stable/lock_files

packages:
- completed:
    size: 71004
    filepath: /home/fyu/Workspace/hapi/.stack-work/dist/x86_64-linux-tinfo6/Cabal-3.2.1.0/hapi-0.1.0.0.tar.gz
    name: hapi
    version: 0.1.0.0
    sha256: 54160910a0fdacdef8689b3c059491aa2f9f6172c5992c66e1bf18a5880342c3
    pantry-tree:
      size: 5533
      sha256: 59d59677f6851795db9e40ea4c3ac510d946134a293dc12d756d13866c189ae4
  original:
    filepath: /home/fyu/Workspace/hapi/.stack-work/dist/x86_64-linux-tinfo6/Cabal-3.2.1.0/hapi-0.1.0.0.tar.gz
- completed:
    hackage: HList-0.5.0.0@sha256:7d7a0bee8d01a7e0e10bf96c5214a21bebae3ecfc02d14fc13bf75458b38ac43,7137
    pantry-tree:
      size: 5718
      sha256: 2881dd9fe6ee24dad62ecd68be6d98e834823d21b659f4ff0de87475e33371f1
  original:
    hackage: HList-0.5.0.0@sha256:7d7a0bee8d01a7e0e10bf96c5214a21bebae3ecfc02d14fc13bf75458b38ac43,7137
- completed:
    hackage: c-storable-deriving-0.1.3@sha256:510aa8423d6b3df57a39365569195ddc5bd4b04b0ff58ba1345c1f309ae6f89e,1030
    pantry-tree:
      size: 369
      sha256: 17a631450a907af3253c3aa95414239b1adea9c5d9777705d6beab712cdf61a6
  original:
    hackage: c-storable-deriving-0.1.3@sha256:510aa8423d6b3df57a39365569195ddc5bd4b04b0ff58ba1345c1f309ae6f89e,1030
- completed:
    hackage: fused-effects-1.1.1.1@sha256:c029c5fb0b2154281221a71ff25709d2a11347fe061fa8c2398e7fe52a16008d,4932
    pantry-tree:
      size: 6345
      sha256: 7d09ba6d70fc49a5fd2feef0e6b06122589b9f5e4539680c9d7933773e7273d7
  original:
    hackage: fused-effects-1.1.1.1@sha256:c029c5fb0b2154281221a71ff25709d2a11347fe061fa8c2398e7fe52a16008d,4932
- completed:
    hackage: tuple-hlist-0.2.0.1@sha256:b567c5eb6e9012b5076d425c3999bdd99af2ea66a6f370b3874fc3754c4854a3,1016
    pantry-tree:
      size: 396
      sha256: 5a7c50dee21532908dec6942f0ad3479913915bb99f03e5b452df25d7d5ee8ac
  original:
    hackage: tuple-hlist-0.2.0.1@sha256:b567c5eb6e9012b5076d425c3999bdd99af2ea66a6f370b3874fc3754c4854a3,1016
- completed:
    hackage: type-level-sets-0.8.9.0@sha256:e29f4045b68e46e0f88153c63f48fb026917eeacafd9b81fc059417a85e68031,3123
    pantry-tree:
      size: 382
      sha256: e7b4e38017e1231b70c511f95a057692a43366408137639da510b25155662a09
  original:
    hackage: type-level-sets-0.8.9.0@sha256:e29f4045b68e46e0f88153c63f48fb026917eeacafd9b81fc059417a85e68031,3123
- completed:
    hackage: opusfile-0.1.0.1@sha256:af399433b8f8d4aa98b598219c09966d37401437edc69dc2e67e72697f2fde41,1723
    pantry-tree:
      size: 387
      sha256: bce3a013a00fbdcd97ad8c35a5454b1f8fc0918d9a4a72200929bf37281e77aa
  original:
    hackage: opusfile-0.1.0.1@sha256:af399433b8f8d4aa98b598219c09966d37401437edc69dc2e67e72697f2fde41,1723
snapshots:
- completed:
    size: 586296
    url: https://mirrors.tuna.tsinghua.edu.cn/stackage/stackage-snapshots/lts/18/18.yaml
    sha256: 63539429076b7ebbab6daa7656cfb079393bf644971156dc349d7c0453694ac2
  original: lts-18.18
